
Microsoft Visual Studio Solution File, Format Version 12.00
# Visual Studio 2012
Project("{FAE04EC0-301F-11D3-BF4B-00C04F79EFBC}") = "OIForShine", "OIForShine\OIForShine.csproj", "{113E497D-29C6-49F0-AC6E-51BDB2227DB3}"
EndProject
Project("{2150E333-8FDC-42A3-9474-1A3956D46DE8}") = "ClassLibrary", "ClassLibrary", "{E30F801E-7E8B-43B0-86D6-869AE8DDABEF}"
EndProject
Project("{FAE04EC0-301F-11D3-BF4B-00C04F79EFBC}") = "FeatureExtract", "FeatureExtract\FeatureExtract.csproj", "{71AF7EC0-0EA7-4D13-B1EA-6FA2AD5AB04D}"
EndProject
Project("{FAE04EC0-301F-11D3-BF4B-00C04F79EFBC}") = "KMeanCluster", "KMeanCluster\KMeanCluster.csproj", "{806588F8-E22D-4DED-8DB9-A39E477DA37A}"
EndProject
Project("{FAE04EC0-301F-11D3-BF4B-00C04F79EFBC}") = "Histogram", "Histogram\Histogram.csproj", "{AD46A8A3-844C-4D86-B399-A7729CC8D14E}"
EndProject
Project("{FAE04EC0-301F-11D3-BF4B-00C04F79EFBC}") = "OIManager", "OIManager\OIManager.csproj", "{41AC68D9-852A-4160-AE86-12A75796175B}"
EndProject
Project("{FAE04EC0-301F-11D3-BF4B-00C04F79EFBC}") = "Classify", "Classify\Classify.csproj", "{851143A3-6051-48AB-843B-477723A1C6EB}"
EndProject
Project("{FAE04EC0-301F-11D3-BF4B-00C04F79EFBC}") = "SVM", "SVM\SVM.csproj", "{2A381CBB-8291-435C-A8E3-BBF3B590B2B6}"
EndProject
Project("{FAE04EC0-301F-11D3-BF4B-00C04F79EFBC}") = "TestClassLib", "TestClassLib\TestClassLib.csproj", "{C11ECD63-9800-4775-848C-430140CD87DD}"
EndProject
Project("{FAE04EC0-301F-11D3-BF4B-00C04F79EFBC}") = "TestSURF", "TestSURF\TestSURF.csproj", "{6F36D33F-4D6F-49C7-9685-34FB7F9F562B}"
EndProject
Project("{FAE04EC0-301F-11D3-BF4B-00C04F79EFBC}") = "HoughLine", "HoughLine\HoughLine.csproj", "{FF4B4992-BCCA-4DCA-A2AB-2979EA527B2A}"
EndProject
Global
	GlobalSection(SolutionConfigurationPlatforms) = preSolution
		Debug|Any CPU = Debug|Any CPU
		Release|Any CPU = Release|Any CPU
	EndGlobalSection
	GlobalSection(ProjectConfigurationPlatforms) = postSolution
		{113E497D-29C6-49F0-AC6E-51BDB2227DB3}.Debug|Any CPU.ActiveCfg = Debug|Any CPU
		{113E497D-29C6-49F0-AC6E-51BDB2227DB3}.Debug|Any CPU.Build.0 = Debug|Any CPU
		{113E497D-29C6-49F0-AC6E-51BDB2227DB3}.Release|Any CPU.ActiveCfg = Release|Any CPU
		{113E497D-29C6-49F0-AC6E-51BDB2227DB3}.Release|Any CPU.Build.0 = Release|Any CPU
		{71AF7EC0-0EA7-4D13-B1EA-6FA2AD5AB04D}.Debug|Any CPU.ActiveCfg = Debug|Any CPU
		{71AF7EC0-0EA7-4D13-B1EA-6FA2AD5AB04D}.Debug|Any CPU.Build.0 = Debug|Any CPU
		{71AF7EC0-0EA7-4D13-B1EA-6FA2AD5AB04D}.Release|Any CPU.ActiveCfg = Release|Any CPU
		{71AF7EC0-0EA7-4D13-B1EA-6FA2AD5AB04D}.Release|Any CPU.Build.0 = Release|Any CPU
		{806588F8-E22D-4DED-8DB9-A39E477DA37A}.Debug|Any CPU.ActiveCfg = Debug|Any CPU
		{806588F8-E22D-4DED-8DB9-A39E477DA37A}.Debug|Any CPU.Build.0 = Debug|Any CPU
		{806588F8-E22D-4DED-8DB9-A39E477DA37A}.Release|Any CPU.ActiveCfg = Release|Any CPU
		{806588F8-E22D-4DED-8DB9-A39E477DA37A}.Release|Any CPU.Build.0 = Release|Any CPU
		{AD46A8A3-844C-4D86-B399-A7729CC8D14E}.Debug|Any CPU.ActiveCfg = Debug|Any CPU
		{AD46A8A3-844C-4D86-B399-A7729CC8D14E}.Debug|Any CPU.Build.0 = Debug|Any CPU
		{AD46A8A3-844C-4D86-B399-A7729CC8D14E}.Release|Any CPU.ActiveCfg = Release|Any CPU
		{AD46A8A3-844C-4D86-B399-A7729CC8D14E}.Release|Any CPU.Build.0 = Release|Any CPU
		{41AC68D9-852A-4160-AE86-12A75796175B}.Debug|Any CPU.ActiveCfg = Debug|Any CPU
		{41AC68D9-852A-4160-AE86-12A75796175B}.Debug|Any CPU.Build.0 = Debug|Any CPU
		{41AC68D9-852A-4160-AE86-12A75796175B}.Release|Any CPU.ActiveCfg = Release|Any CPU
		{41AC68D9-852A-4160-AE86-12A75796175B}.Release|Any CPU.Build.0 = Release|Any CPU
		{851143A3-6051-48AB-843B-477723A1C6EB}.Debug|Any CPU.ActiveCfg = Debug|Any CPU
		{851143A3-6051-48AB-843B-477723A1C6EB}.Debug|Any CPU.Build.0 = Debug|Any CPU
		{851143A3-6051-48AB-843B-477723A1C6EB}.Release|Any CPU.ActiveCfg = Release|Any CPU
		{851143A3-6051-48AB-843B-477723A1C6EB}.Release|Any CPU.Build.0 = Release|Any CPU
		{2A381CBB-8291-435C-A8E3-BBF3B590B2B6}.Debug|Any CPU.ActiveCfg = Debug|Any CPU
		{2A381CBB-8291-435C-A8E3-BBF3B590B2B6}.Debug|Any CPU.Build.0 = Debug|Any CPU
		{2A381CBB-8291-435C-A8E3-BBF3B590B2B6}.Release|Any CPU.ActiveCfg = Release|Any CPU
		{2A381CBB-8291-435C-A8E3-BBF3B590B2B6}.Release|Any CPU.Build.0 = Release|Any CPU
		{C11ECD63-9800-4775-848C-430140CD87DD}.Debug|Any CPU.ActiveCfg = Debug|Any CPU
		{C11ECD63-9800-4775-848C-430140CD87DD}.Debug|Any CPU.Build.0 = Debug|Any CPU
		{C11ECD63-9800-4775-848C-430140CD87DD}.Release|Any CPU.ActiveCfg = Release|Any CPU
		{C11ECD63-9800-4775-848C-430140CD87DD}.Release|Any CPU.Build.0 = Release|Any CPU
		{6F36D33F-4D6F-49C7-9685-34FB7F9F562B}.Debug|Any CPU.ActiveCfg = Debug|Any CPU
		{6F36D33F-4D6F-49C7-9685-34FB7F9F562B}.Debug|Any CPU.Build.0 = Debug|Any CPU
		{6F36D33F-4D6F-49C7-9685-34FB7F9F562B}.Release|Any CPU.ActiveCfg = Release|Any CPU
		{6F36D33F-4D6F-49C7-9685-34FB7F9F562B}.Release|Any CPU.Build.0 = Release|Any CPU
		{FF4B4992-BCCA-4DCA-A2AB-2979EA527B2A}.Debug|Any CPU.ActiveCfg = Debug|Any CPU
		{FF4B4992-BCCA-4DCA-A2AB-2979EA527B2A}.Debug|Any CPU.Build.0 = Debug|Any CPU
		{FF4B4992-BCCA-4DCA-A2AB-2979EA527B2A}.Release|Any CPU.ActiveCfg = Release|Any CPU
		{FF4B4992-BCCA-4DCA-A2AB-2979EA527B2A}.Release|Any CPU.Build.0 = Release|Any CPU
	EndGlobalSection
	GlobalSection(SolutionProperties) = preSolution
		HideSolutionNode = FALSE
	EndGlobalSection
	GlobalSection(NestedProjects) = preSolution
		{71AF7EC0-0EA7-4D13-B1EA-6FA2AD5AB04D} = {E30F801E-7E8B-43B0-86D6-869AE8DDABEF}
		{806588F8-E22D-4DED-8DB9-A39E477DA37A} = {E30F801E-7E8B-43B0-86D6-869AE8DDABEF}
		{AD46A8A3-844C-4D86-B399-A7729CC8D14E} = {E30F801E-7E8B-43B0-86D6-869AE8DDABEF}
		{41AC68D9-852A-4160-AE86-12A75796175B} = {E30F801E-7E8B-43B0-86D6-869AE8DDABEF}
		{851143A3-6051-48AB-843B-477723A1C6EB} = {E30F801E-7E8B-43B0-86D6-869AE8DDABEF}
		{2A381CBB-8291-435C-A8E3-BBF3B590B2B6} = {E30F801E-7E8B-43B0-86D6-869AE8DDABEF}
		{C11ECD63-9800-4775-848C-430140CD87DD} = {E30F801E-7E8B-43B0-86D6-869AE8DDABEF}
		{6F36D33F-4D6F-49C7-9685-34FB7F9F562B} = {E30F801E-7E8B-43B0-86D6-869AE8DDABEF}
	EndGlobalSection
EndGlobal
